<?xml version="1.0" encoding="utf-8"?>
<Project ToolsVersion="4.0" xmlns="http://schemas.microsoft.com/developer/msbuild/2003">
  <ItemGroup>
    <ClCompile Include="..\src\DuilibWithModernOpenGL_GLEW\OpenGLWnd\OpenGLWnd.cpp">
      <Filter>OpenGLWnd</Filter>
    </ClCompile>
    <ClCompile Include="..\src\DuilibWithModernOpenGL_GLEW\UI\MainWnd.cpp">
      <Filter>UI</Filter>
    </ClCompile>
    <ClCompile Include="..\src\DuilibWithModernOpenGL_GLEW\WinMain.cpp" />
  </ItemGroup>
  <ItemGroup>
    <ClInclude Include="..\src\DuilibWithModernOpenGL_GLEW\DuilibExternal\CWndUI.h">
      <Filter>DuilibExternal</Filter>
    </ClInclude>
    <ClInclude Include="..\src\DuilibWithModernOpenGL_GLEW\OpenGLWnd\OpenGLWnd.h">
      <Filter>OpenGLWnd</Filter>
    </ClInclude>
    <ClInclude Include="..\src\DuilibWithModernOpenGL_GLEW\UI\MainWnd.h">
      <Filter>UI</Filter>
    </ClInclude>
    <ClInclude Include="..\src\DuilibWithModernOpenGL_GLEW\Utils\Singleton.h">
      <Filter>Utils</Filter>
    </ClInclude>
    <ClInclude Include="..\src\DuilibWithModernOpenGL_GLEW\GlobalHeader.h" />
  </ItemGroup>
  <ItemGroup>
    <Filter Include="UI">
      <UniqueIdentifier>{7c80376b-3987-4c0b-b1d2-5335493b0db5}</UniqueIdentifier>
    </Filter>
    <Filter Include="DuilibExternal">
      <UniqueIdentifier>{96d54aef-9273-4992-a6d9-c67cccc8e92b}</UniqueIdentifier>
    </Filter>
    <Filter Include="OpenGLWnd">
      <UniqueIdentifier>{470b1b17-64da-4ee9-b7e1-20239f86ad76}</UniqueIdentifier>
    </Filter>
    <Filter Include="Utils">
      <UniqueIdentifier>{ed6f4bec-4add-4d2e-a0d4-dc93e3a8bfd7}</UniqueIdentifier>
    </Filter>
  </ItemGroup>
</Project>